
Microsoft Visual Studio Solution File, Format Version 12.00
# Visual Studio 15
VisualStudioVersion = 15.0.28307.106
MinimumVisualStudioVersion = 10.0.40219.1
Project("{FAE04EC0-301F-11D3-BF4B-00C04F79EFBC}") = "TrackerLibrary", "TrackerLibrary\TrackerLibrary.csproj", "{3AF73306-A908-4EA3-89F8-F20FAE22CF60}"
EndProject
Project("{FAE04EC0-301F-11D3-BF4B-00C04F79EFBC}") = "TrackerUI", "TrackerUI\TrackerUI.csproj", "{66253B6E-6DDE-4420-9439-10B084CFF67E}"
EndProject
Global
	GlobalSection(SolutionConfigurationPlatforms) = preSolution
		Debug|Any CPU = Debug|Any CPU
		Release|Any CPU = Release|Any CPU
	EndGlobalSection
	GlobalSection(ProjectConfigurationPlatforms) = postSolution
		{3AF73306-A908-4EA3-89F8-F20FAE22CF60}.Debug|Any CPU.ActiveCfg = Debug|Any CPU
		{3AF73306-A908-4EA3-89F8-F20FAE22CF60}.Debug|Any CPU.Build.0 = Debug|Any CPU
		{3AF73306-A908-4EA3-89F8-F20FAE22CF60}.Release|Any CPU.ActiveCfg = Release|Any CPU
		{3AF73306-A908-4EA3-89F8-F20FAE22CF60}.Release|Any CPU.Build.0 = Release|Any CPU
		{66253B6E-6DDE-4420-9439-10B084CFF67E}.Debug|Any CPU.ActiveCfg = Debug|Any CPU
		{66253B6E-6DDE-4420-9439-10B084CFF67E}.Debug|Any CPU.Build.0 = Debug|Any CPU
		{66253B6E-6DDE-4420-9439-10B084CFF67E}.Release|Any CPU.ActiveCfg = Release|Any CPU
		{66253B6E-6DDE-4420-9439-10B084CFF67E}.Release|Any CPU.Build.0 = Release|Any CPU
	EndGlobalSection
	GlobalSection(SolutionProperties) = preSolution
		HideSolutionNode = FALSE
	EndGlobalSection
	GlobalSection(ExtensibilityGlobals) = postSolution
		SolutionGuid = {C629D7F6-DC80-4B14-9196-82A5B21DEA47}
	EndGlobalSection
EndGlobal
